{
    "_readme": [
        "This file locks the dependencies of your project to a known state",
        "Read more about it at https://getcomposer.org/doc/01-basic-usage.md#installing-dependencies",
        "This file is @generated automatically"
    ],
    "content-hash": "14c323098b3f425b8eeeb3106bcb4971",
    "packages": [
        {
            "name": "mgcodeur/super-translator",
            "version": "1.0.0",
            "source": {
                "type": "git",
                "url": "https://github.com/mgcodeur/php-super-translator.git",
                "reference": "fe0cdc50736bf9d5363682aef193dffa1e1edaf2"
            },
            "dist": {
                "type": "zip",
                "url": "https://api.github.com/repos/mgcodeur/php-super-translator/zipball/fe0cdc50736bf9d5363682aef193dffa1e1edaf2",
                "reference": "fe0cdc50736bf9d5363682aef193dffa1e1edaf2",
                "shasum": ""
            },
            "type": "library",
            "autoload": {
                "psr-4": {
                    "Mgcodeur\\SuperTranslator\\": "src/"
                }
            },
            "notification-url": "https://packagist.org/downloads/",
            "authors": [
                {
                    "name": "ANDRIANAMBININA Iharena Jimmy Raphaël (mgcodeur)",
                    "email": "mgcodeur@gmail.com"
                }
            ],
            "support": {
                "issues": "https://github.com/mgcodeur/php-super-translator/issues",
                "source": "https://github.com/mgcodeur/php-super-translator/tree/v1.0.0"
            },
            "time": "2023-07-15T07:27:45+00:00"
        }
    ],
    "packages-dev": [],
    "aliases": [],
    "minimum-stability": "stable",
    "stability-flags": [],
    "prefer-stable": false,
    "prefer-lowest": false,
    "platform": [],
    "platform-dev": [],
    "plugin-api-version": "2.6.0"
}
